
Microsoft Visual Studio Solution File, Format Version 12.00
# Visual Studio 15
Project("{FAE04EC0-301F-11D3-BF4B-00C04F79EFBC}") = "Assembly-CSharp", "Assembly-CSharp.csproj", "{9DC488A6-1974-2621-F4AB-8AAF0007FF97}"
EndProject
Project("{FAE04EC0-301F-11D3-BF4B-00C04F79EFBC}") = "Unity.XR.Interaction.Toolkit.Samples.DeviceSimulator", "Unity.XR.Interaction.Toolkit.Samples.DeviceSimulator.csproj", "{716AB0E3-932C-EE8B-C9EB-DF9DA964F3F4}"
EndProject
Project("{FAE04EC0-301F-11D3-BF4B-00C04F79EFBC}") = "Unity.XR.Interaction.Toolkit.Samples.StarterAssets", "Unity.XR.Interaction.Toolkit.Samples.StarterAssets.csproj", "{5730CD95-D224-705B-A3CA-393982307675}"
EndProject
Project("{FAE04EC0-301F-11D3-BF4B-00C04F79EFBC}") = "Unity.XR.Interaction.Toolkit.Samples.StarterAssets.Editor", "Unity.XR.Interaction.Toolkit.Samples.StarterAssets.Editor.csproj", "{5C6D7CF0-E86B-3EEA-006C-5BCF56772D58}"
EndProject
Global
	GlobalSection(SolutionConfigurationPlatforms) = preSolution
		Debug|Any CPU = Debug|Any CPU
		Release|Any CPU = Release|Any CPU
	EndGlobalSection
	GlobalSection(ProjectConfigurationPlatforms) = postSolution
		{9DC488A6-1974-2621-F4AB-8AAF0007FF97}.Debug|Any CPU.ActiveCfg = Debug|Any CPU
		{9DC488A6-1974-2621-F4AB-8AAF0007FF97}.Debug|Any CPU.Build.0 = Debug|Any CPU
		{9DC488A6-1974-2621-F4AB-8AAF0007FF97}.Release|Any CPU.ActiveCfg = Release|Any CPU
		{9DC488A6-1974-2621-F4AB-8AAF0007FF97}.Release|Any CPU.Build.0 = Release|Any CPU
		{716AB0E3-932C-EE8B-C9EB-DF9DA964F3F4}.Debug|Any CPU.ActiveCfg = Debug|Any CPU
		{716AB0E3-932C-EE8B-C9EB-DF9DA964F3F4}.Debug|Any CPU.Build.0 = Debug|Any CPU
		{716AB0E3-932C-EE8B-C9EB-DF9DA964F3F4}.Release|Any CPU.ActiveCfg = Release|Any CPU
		{716AB0E3-932C-EE8B-C9EB-DF9DA964F3F4}.Release|Any CPU.Build.0 = Release|Any CPU
		{5730CD95-D224-705B-A3CA-393982307675}.Debug|Any CPU.ActiveCfg = Debug|Any CPU
		{5730CD95-D224-705B-A3CA-393982307675}.Debug|Any CPU.Build.0 = Debug|Any CPU
		{5730CD95-D224-705B-A3CA-393982307675}.Release|Any CPU.ActiveCfg = Release|Any CPU
		{5730CD95-D224-705B-A3CA-393982307675}.Release|Any CPU.Build.0 = Release|Any CPU
		{5C6D7CF0-E86B-3EEA-006C-5BCF56772D58}.Debug|Any CPU.ActiveCfg = Debug|Any CPU
		{5C6D7CF0-E86B-3EEA-006C-5BCF56772D58}.Debug|Any CPU.Build.0 = Debug|Any CPU
		{5C6D7CF0-E86B-3EEA-006C-5BCF56772D58}.Release|Any CPU.ActiveCfg = Release|Any CPU
		{5C6D7CF0-E86B-3EEA-006C-5BCF56772D58}.Release|Any CPU.Build.0 = Release|Any CPU
	EndGlobalSection
	GlobalSection(SolutionProperties) = preSolution
		HideSolutionNode = FALSE
	EndGlobalSection
EndGlobal
